
Microsoft Visual Studio Solution File, Format Version 12.00
# Visual Studio Version 17
VisualStudioVersion = 17.14.36908.2 d17.14
MinimumVisualStudioVersion = 10.0.40219.1
Project("{FAE04EC0-301F-11D3-BF4B-00C04F79EFBC}") = "GerenciadorDeLivariaApi", "GerenciadorDeLivariaApi.csproj", "{E2AFDFCC-57F6-4801-A3D9-27FF7BB83691}"
EndProject
Project("{FAE04EC0-301F-11D3-BF4B-00C04F79EFBC}") = "Book.Application", "..\Book.Application\Book.Application.csproj", "{E9CFFBDF-8DBE-4FCD-8670-7C4869604281}"
EndProject
Project("{FAE04EC0-301F-11D3-BF4B-00C04F79EFBC}") = "Book.Communication", "..\Book.Communication\Book.Communication.csproj", "{53055F39-C881-4645-9E5C-F650877EFBB8}"
EndProject
Global
	GlobalSection(SolutionConfigurationPlatforms) = preSolution
		Debug|Any CPU = Debug|Any CPU
		Release|Any CPU = Release|Any CPU
	EndGlobalSection
	GlobalSection(ProjectConfigurationPlatforms) = postSolution
		{E2AFDFCC-57F6-4801-A3D9-27FF7BB83691}.Debug|Any CPU.ActiveCfg = Debug|Any CPU
		{E2AFDFCC-57F6-4801-A3D9-27FF7BB83691}.Debug|Any CPU.Build.0 = Debug|Any CPU
		{E2AFDFCC-57F6-4801-A3D9-27FF7BB83691}.Release|Any CPU.ActiveCfg = Release|Any CPU
		{E2AFDFCC-57F6-4801-A3D9-27FF7BB83691}.Release|Any CPU.Build.0 = Release|Any CPU
		{E9CFFBDF-8DBE-4FCD-8670-7C4869604281}.Debug|Any CPU.ActiveCfg = Debug|Any CPU
		{E9CFFBDF-8DBE-4FCD-8670-7C4869604281}.Debug|Any CPU.Build.0 = Debug|Any CPU
		{E9CFFBDF-8DBE-4FCD-8670-7C4869604281}.Release|Any CPU.ActiveCfg = Release|Any CPU
		{E9CFFBDF-8DBE-4FCD-8670-7C4869604281}.Release|Any CPU.Build.0 = Release|Any CPU
		{53055F39-C881-4645-9E5C-F650877EFBB8}.Debug|Any CPU.ActiveCfg = Debug|Any CPU
		{53055F39-C881-4645-9E5C-F650877EFBB8}.Debug|Any CPU.Build.0 = Debug|Any CPU
		{53055F39-C881-4645-9E5C-F650877EFBB8}.Release|Any CPU.ActiveCfg = Release|Any CPU
		{53055F39-C881-4645-9E5C-F650877EFBB8}.Release|Any CPU.Build.0 = Release|Any CPU
	EndGlobalSection
	GlobalSection(SolutionProperties) = preSolution
		HideSolutionNode = FALSE
	EndGlobalSection
	GlobalSection(ExtensibilityGlobals) = postSolution
		SolutionGuid = {98B0AC0B-3542-402E-AAA4-321445FB14C1}
	EndGlobalSection
EndGlobal
